// !$*UTF8*$!
{
	archiveVersion = 1;
	classes = {
	};
	objectVersion = 48;
	objects = {

/* Begin PBXBuildFile section */
		013A04A08872E28D8745D205 /* Pods_AppSwiftUITests.framework in Frameworks */ = {isa = PBXBuildFile; fileRef = 1F5B5071DC35135E35B3EC21 /* Pods_AppSwiftUITests.framework */; };
		5914686996FB1E6B3CE43135 /* Pods_AppSwiftTests.framework in Frameworks */ = {isa = PBXBuildFile; fileRef = F4DC0BE394E2488DDFF2B60C /* Pods_AppSwiftTests.framework */; };
		6F28A61C20D39A390060965C /* AppDelegate.swift in Sources */ = {isa = PBXBuildFile; fileRef = 6F28A61B20D39A390060965C /* AppDelegate.swift */; };
		6F28A61E20D39A390060965C /* ViewController.swift in Sources */ = {isa = PBXBuildFile; fileRef = 6F28A61D20D39A390060965C /* ViewController.swift */; };
		6F28A62120D39A390060965C /* Main.storyboard in Resources */ = {isa = PBXBuildFile; fileRef = 6F28A61F20D39A390060965C /* Main.storyboard */; };
		6F28A62320D39A390060965C /* Assets.xcassets in Resources */ = {isa = PBXBuildFile; fileRef = 6F28A62220D39A390060965C /* Assets.xcassets */; };
		6F28A62620D39A390060965C /* LaunchScreen.storyboard in Resources */ = {isa = PBXBuildFile; fileRef = 6F28A62420D39A390060965C /* LaunchScreen.storyboard */; };
		6F28A63120D39A3A0060965C /* AppSwiftTests.swift in Sources */ = {isa = PBXBuildFile; fileRef = 6F28A63020D39A3A0060965C /* AppSwiftTests.swift */; };
		6F28A63C20D39A3A0060965C /* AppSwiftUITests.swift in Sources */ = {isa = PBXBuildFile; fileRef = 6F28A63B20D39A3A0060965C /* AppSwiftUITests.swift */; };
		6F28A64C20D3D0BC0060965C /* secondViewController.swift in Sources */ = {isa = PBXBuildFile; fileRef = 6F28A64B20D3D0BC0060965C /* secondViewController.swift */; };
		6F6EC27E20D7A18B0078C7F1 /* Alamofire.framework in Frameworks */ = {isa = PBXBuildFile; fileRef = 6F6EC27F20D7A18B0078C7F1 /* Alamofire.framework */; };
		6F6EC28020D7A2730078C7F1 /* SwiftyJSON.framework in Frameworks */ = {isa = PBXBuildFile; fileRef = 6F6EC28120D7A2730078C7F1 /* SwiftyJSON.framework */; };
		A2FD18FAF15AAF086476D087 /* Pods_AppSwift.framework in Frameworks */ = {isa = PBXBuildFile; fileRef = FD512CF4CB849E5F27174B3F /* Pods_AppSwift.framework */; };
/* End PBXBuildFile section */

/* Begin PBXContainerItemProxy section */
		6F28A62D20D39A3A0060965C /* PBXContainerItemProxy */ = {
			isa = PBXContainerItemProxy;
			containerPortal = 6F28A61020D39A390060965C /* Project object */;
			proxyType = 1;
			remoteGlobalIDString = 6F28A61720D39A390060965C;
			remoteInfo = AppSwift;
		};
		6F28A63820D39A3A0060965C /* PBXContainerItemProxy */ = {
			isa = PBXContainerItemProxy;
			containerPortal = 6F28A61020D39A390060965C /* Project object */;
			proxyType = 1;
			remoteGlobalIDString = 6F28A61720D39A390060965C;
			remoteInfo = AppSwift;
		};
/* End PBXContainerItemProxy section */

/* Begin PBXFileReference section */
		1F5B5071DC35135E35B3EC21 /* Pods_AppSwiftUITests.framework */ = {isa = PBXFileReference; explicitFileType = wrapper.framework; includeInIndex = 0; path = Pods_AppSwiftUITests.framework; sourceTree = BUILT_PRODUCTS_DIR; };
		369A3D98A8F218A05CBA2CDA /* Pods-AppSwiftTests.debug.xcconfig */ = {isa = PBXFileReference; includeInIndex = 1; lastKnownFileType = text.xcconfig; name = "Pods-AppSwiftTests.debug.xcconfig"; path = "Pods/Target Support Files/Pods-AppSwiftTests/Pods-AppSwiftTests.debug.xcconfig"; sourceTree = "<group>"; };
		446C20D704996B27A471E9BF /* Pods-AppSwift.release.xcconfig */ = {isa = PBXFileReference; includeInIndex = 1; lastKnownFileType = text.xcconfig; name = "Pods-AppSwift.release.xcconfig"; path = "Pods/Target Support Files/Pods-AppSwift/Pods-AppSwift.release.xcconfig"; sourceTree = "<group>"; };
		554ACEB5F98B82E3D0B19004 /* Pods-AppSwift.debug.xcconfig */ = {isa = PBXFileReference; includeInIndex = 1; lastKnownFileType = text.xcconfig; name = "Pods-AppSwift.debug.xcconfig"; path = "Pods/Target Support Files/Pods-AppSwift/Pods-AppSwift.debug.xcconfig"; sourceTree = "<group>"; };
		6F28A61820D39A390060965C /* AppSwift.app */ = {isa = PBXFileReference; explicitFileType = wrapper.application; includeInIndex = 0; path = AppSwift.app; sourceTree = BUILT_PRODUCTS_DIR; };
		6F28A61B20D39A390060965C /* AppDelegate.swift */ = {isa = PBXFileReference; lastKnownFileType = sourcecode.swift; path = AppDelegate.swift; sourceTree = "<group>"; };
		6F28A61D20D39A390060965C /* ViewController.swift */ = {isa = PBXFileReference; lastKnownFileType = sourcecode.swift; path = ViewController.swift; sourceTree = "<group>"; };
		6F28A62020D39A390060965C /* Base */ = {isa = PBXFileReference; lastKnownFileType = file.storyboard; name = Base; path = Base.lproj/Main.storyboard; sourceTree = "<group>"; };
		6F28A62220D39A390060965C /* Assets.xcassets */ = {isa = PBXFileReference; lastKnownFileType = folder.assetcatalog; path = Assets.xcassets; sourceTree = "<group>"; };
		6F28A62520D39A390060965C /* Base */ = {isa = PBXFileReference; lastKnownFileType = file.storyboard; name = Base; path = Base.lproj/LaunchScreen.storyboard; sourceTree = "<group>"; };
		6F28A62720D39A390060965C /* Info.plist */ = {isa = PBXFileReference; lastKnownFileType = text.plist.xml; path = Info.plist; sourceTree = "<group>"; };
		6F28A62C20D39A3A0060965C /* AppSwiftTests.xctest */ = {isa = PBXFileReference; explicitFileType = wrapper.cfbundle; includeInIndex = 0; path = AppSwiftTests.xctest; sourceTree = BUILT_PRODUCTS_DIR; };
		6F28A63020D39A3A0060965C /* AppSwiftTests.swift */ = {isa = PBXFileReference; lastKnownFileType = sourcecode.swift; path = AppSwiftTests.swift; sourceTree = "<group>"; };
		6F28A63220D39A3A0060965C /* Info.plist */ = {isa = PBXFileReference; lastKnownFileType = text.plist.xml; path = Info.plist; sourceTree = "<group>"; };
		6F28A63720D39A3A0060965C /* AppSwiftUITests.xctest */ = {isa = PBXFileReference; explicitFileType = wrapper.cfbundle; includeInIndex = 0; path = AppSwiftUITests.xctest; sourceTree = BUILT_PRODUCTS_DIR; };
		6F28A63B20D39A3A0060965C /* AppSwiftUITests.swift */ = {isa = PBXFileReference; lastKnownFileType = sourcecode.swift; path = AppSwiftUITests.swift; sourceTree = "<group>"; };
		6F28A63D20D39A3A0060965C /* Info.plist */ = {isa = PBXFileReference; lastKnownFileType = text.plist.xml; path = Info.plist; sourceTree = "<group>"; };
		6F28A64B20D3D0BC0060965C /* secondViewController.swift */ = {isa = PBXFileReference; lastKnownFileType = sourcecode.swift; path = secondViewController.swift; sourceTree = "<group>"; };
		6F6EC27F20D7A18B0078C7F1 /* Alamofire.framework */ = {isa = PBXFileReference; explicitFileType = wrapper.framework; path = Alamofire.framework; sourceTree = BUILT_PRODUCTS_DIR; };
		6F6EC28120D7A2730078C7F1 /* SwiftyJSON.framework */ = {isa = PBXFileReference; explicitFileType = wrapper.framework; path = SwiftyJSON.framework; sourceTree = BUILT_PRODUCTS_DIR; };
		AB9B1E2DB98F1FC381B7E81B /* Pods-AppSwiftUITests.release.xcconfig */ = {isa = PBXFileReference; includeInIndex = 1; lastKnownFileType = text.xcconfig; name = "Pods-AppSwiftUITests.release.xcconfig"; path = "Pods/Target Support Files/Pods-AppSwiftUITests/Pods-AppSwiftUITests.release.xcconfig"; sourceTree = "<group>"; };
		B8FFE652EFA3FDA6E1CCC086 /* Pods-AppSwiftTests.release.xcconfig */ = {isa = PBXFileReference; includeInIndex = 1; lastKnownFileType = text.xcconfig; name = "Pods-AppSwiftTests.release.xcconfig"; path = "Pods/Target Support Files/Pods-AppSwiftTests/Pods-AppSwiftTests.release.xcconfig"; sourceTree = "<group>"; };
		DEE6F39499258E3D47DE2E77 /* Pods-AppSwiftUITests.debug.xcconfig */ = {isa = PBXFileReference; includeInIndex = 1; lastKnownFileType = text.xcconfig; name = "Pods-AppSwiftUITests.debug.xcconfig"; path = "Pods/Target Support Files/Pods-AppSwiftUITests/Pods-AppSwiftUITests.debug.xcconfig"; sourceTree = "<group>"; };
		F4DC0BE394E2488DDFF2B60C /* Pods_AppSwiftTests.framework */ = {isa = PBXFileReference; explicitFileType = wrapper.framework; includeInIndex = 0; path = Pods_AppSwiftTests.framework; sourceTree = BUILT_PRODUCTS_DIR; };
		FD512CF4CB849E5F27174B3F /* Pods_AppSwift.framework */ = {isa = PBXFileReference; explicitFileType = wrapper.framework; includeInIndex = 0; path = Pods_AppSwift.framework; sourceTree = BUILT_PRODUCTS_DIR; };
/* End PBXFileReference section */

/* Begin PBXFrameworksBuildPhase section */
		6F28A61520D39A390060965C /* Frameworks */ = {
			isa = PBXFrameworksBuildPhase;
			buildActionMask = 2147483647;
			files = (
				6F6EC28020D7A2730078C7F1 /* SwiftyJSON.framework in Frameworks */,
				6F6EC27E20D7A18B0078C7F1 /* Alamofire.framework in Frameworks */,
				A2FD18FAF15AAF086476D087 /* Pods_AppSwift.framework in Frameworks */,
			);
			runOnlyForDeploymentPostprocessing = 0;
		};
		6F28A62920D39A3A0060965C /* Frameworks */ = {
			isa = PBXFrameworksBuildPhase;
			buildActionMask = 2147483647;
			files = (
				5914686996FB1E6B3CE43135 /* Pods_AppSwiftTests.framework in Frameworks */,
			);
			runOnlyForDeploymentPostprocessing = 0;
		};
		6F28A63420D39A3A0060965C /* Frameworks */ = {
			isa = PBXFrameworksBuildPhase;
			buildActionMask = 2147483647;
			files = (
				013A04A08872E28D8745D205 /* Pods_AppSwiftUITests.framework in Frameworks */,
			);
			runOnlyForDeploymentPostprocessing = 0;
		};
/* End PBXFrameworksBuildPhase section */

/* Begin PBXGroup section */
		6F28A60F20D39A390060965C = {
			isa = PBXGroup;
			children = (
				6F28A61A20D39A390060965C /* AppSwift */,
				6F28A62F20D39A3A0060965C /* AppSwiftTests */,
				6F28A63A20D39A3A0060965C /* AppSwiftUITests */,
				6F28A61920D39A390060965C /* Products */,
				FD2418BD10C5EACD166A0F9E /* Pods */,
				7B467EBA9EAB284D3A539DF8 /* Frameworks */,
			);
			sourceTree = "<group>";
		};
		6F28A61920D39A390060965C /* Products */ = {
			isa = PBXGroup;
			children = (
				6F28A61820D39A390060965C /* AppSwift.app */,
				6F28A62C20D39A3A0060965C /* AppSwiftTests.xctest */,
				6F28A63720D39A3A0060965C /* AppSwiftUITests.xctest */,
			);
			name = Products;
			sourceTree = "<group>";
		};
		6F28A61A20D39A390060965C /* AppSwift */ = {
			isa = PBXGroup;
			children = (
				6F28A61B20D39A390060965C /* AppDelegate.swift */,
				6F28A61D20D39A390060965C /* ViewController.swift */,
				6F28A61F20D39A390060965C /* Main.storyboard */,
				6F28A64B20D3D0BC0060965C /* secondViewController.swift */,
				6F28A62220D39A390060965C /* Assets.xcassets */,
				6F28A62420D39A390060965C /* LaunchScreen.storyboard */,
				6F28A62720D39A390060965C /* Info.plist */,
			);
			path = AppSwift;
			sourceTree = "<group>";
		};
		6F28A62F20D39A3A0060965C /* AppSwiftTests */ = {
			isa = PBXGroup;
			children = (
				6F28A63020D39A3A0060965C /* AppSwiftTests.swift */,
				6F28A63220D39A3A0060965C /* Info.plist */,
			);
			path = AppSwiftTests;
			sourceTree = "<group>";
		};
		6F28A63A20D39A3A0060965C /* AppSwiftUITests */ = {
			isa = PBXGroup;
			children = (
				6F28A63B20D39A3A0060965C /* AppSwiftUITests.swift */,
				6F28A63D20D39A3A0060965C /* Info.plist */,
			);
			path = AppSwiftUITests;
			sourceTree = "<group>";
		};
		7B467EBA9EAB284D3A539DF8 /* Frameworks */ = {
			isa = PBXGroup;
			children = (
				6F6EC28120D7A2730078C7F1 /* SwiftyJSON.framework */,
				6F6EC27F20D7A18B0078C7F1 /* Alamofire.framework */,
				FD512CF4CB849E5F27174B3F /* Pods_AppSwift.framework */,
				F4DC0BE394E2488DDFF2B60C /* Pods_AppSwiftTests.framework */,
				1F5B5071DC35135E35B3EC21 /* Pods_AppSwiftUITests.framework */,
			);
			name = Frameworks;
			sourceTree = "<group>";
		};
		FD2418BD10C5EACD166A0F9E /* Pods */ = {
			isa = PBXGroup;
			children = (
				554ACEB5F98B82E3D0B19004 /* Pods-AppSwift.debug.xcconfig */,
				446C20D704996B27A471E9BF /* Pods-AppSwift.release.xcconfig */,
				369A3D98A8F218A05CBA2CDA /* Pods-AppSwiftTests.debug.xcconfig */,
				B8FFE652EFA3FDA6E1CCC086 /* Pods-AppSwiftTests.release.xcconfig */,
				DEE6F39499258E3D47DE2E77 /* Pods-AppSwiftUITests.debug.xcconfig */,
				AB9B1E2DB98F1FC381B7E81B /* Pods-AppSwiftUITests.release.xcconfig */,
			);
			name = Pods;
			sourceTree = "<group>";
		};
/* End PBXGroup section */

/* Begin PBXNativeTarget section */
		6F28A61720D39A390060965C /* AppSwift */ = {
			isa = PBXNativeTarget;
			buildConfigurationList = 6F28A64020D39A3A0060965C /* Build configuration list for PBXNativeTarget "AppSwift" */;
			buildPhases = (
				9A2CACCD3C9FE775F7A19E5F /* [CP] Check Pods Manifest.lock */,
				6F28A61420D39A390060965C /* Sources */,
				6F28A61520D39A390060965C /* Frameworks */,
				6F28A61620D39A390060965C /* Resources */,
				C42F84EEB0AF32952EB081F4 /* [CP] Embed Pods Frameworks */,
			);
			buildRules = (
			);
			dependencies = (
			);
			name = AppSwift;
			productName = AppSwift;
			productReference = 6F28A61820D39A390060965C /* AppSwift.app */;
			productType = "com.apple.product-type.application";
		};
		6F28A62B20D39A3A0060965C /* AppSwiftTests */ = {
			isa = PBXNativeTarget;
			buildConfigurationList = 6F28A64320D39A3A0060965C /* Build configuration list for PBXNativeTarget "AppSwiftTests" */;
			buildPhases = (
				9CBCAAE9C24A366A03A11EDC /* [CP] Check Pods Manifest.lock */,
				6F28A62820D39A3A0060965C /* Sources */,
				6F28A62920D39A3A0060965C /* Frameworks */,
				6F28A62A20D39A3A0060965C /* Resources */,
			);
			buildRules = (
			);
			dependencies = (
				6F28A62E20D39A3A0060965C /* PBXTargetDependency */,
			);
			name = AppSwiftTests;
			productName = AppSwiftTests;
			productReference = 6F28A62C20D39A3A0060965C /* AppSwiftTests.xctest */;
			productType = "com.apple.product-type.bundle.unit-test";
		};
		6F28A63620D39A3A0060965C /* AppSwiftUITests */ = {
			isa = PBXNativeTarget;
			buildConfigurationList = 6F28A64620D39A3A0060965C /* Build configuration list for PBXNativeTarget "AppSwiftUITests" */;
			buildPhases = (
				BF50C0081A1C5F42A0AEDC4E /* [CP] Check Pods Manifest.lock */,
				6F28A63320D39A3A0060965C /* Sources */,
				6F28A63420D39A3A0060965C /* Frameworks */,
				6F28A63520D39A3A0060965C /* Resources */,
			);
			buildRules = (
			);
			dependencies = (
				6F28A63920D39A3A0060965C /* PBXTargetDependency */,
			);
			name = AppSwiftUITests;
			productName = AppSwiftUITests;
			productReference = 6F28A63720D39A3A0060965C /* AppSwiftUITests.xctest */;
			productType = "com.apple.product-type.bundle.ui-testing";
		};
/* End PBXNativeTarget section */

/* Begin PBXProject section */
		6F28A61020D39A390060965C /* Project object */ = {
			isa = PBXProject;
			attributes = {
				LastSwiftUpdateCheck = 0910;
				LastUpgradeCheck = 0910;
				ORGANIZATIONNAME = Jaime;
				TargetAttributes = {
					6F28A61720D39A390060965C = {
						CreatedOnToolsVersion = 9.1;
						ProvisioningStyle = Automatic;
					};
					6F28A62B20D39A3A0060965C = {
						CreatedOnToolsVersion = 9.1;
						ProvisioningStyle = Automatic;
						TestTargetID = 6F28A61720D39A390060965C;
					};
					6F28A63620D39A3A0060965C = {
						CreatedOnToolsVersion = 9.1;
						ProvisioningStyle = Automatic;
						TestTargetID = 6F28A61720D39A390060965C;
					};
				};
			};
			buildConfigurationList = 6F28A61320D39A390060965C /* Build configuration list for PBXProject "AppSwift" */;
			compatibilityVersion = "Xcode 8.0";
			developmentRegion = en;
			hasScannedForEncodings = 0;
			knownRegions = (
				en,
				Base,
			);
			mainGroup = 6F28A60F20D39A390060965C;
			productRefGroup = 6F28A61920D39A390060965C /* Products */;
			projectDirPath = "";
			projectRoot = "";
			targets = (
				6F28A61720D39A390060965C /* AppSwift */,
				6F28A62B20D39A3A0060965C /* AppSwiftTests */,
				6F28A63620D39A3A0060965C /* AppSwiftUITests */,
			);
		};
/* End PBXProject section */

/* Begin PBXResourcesBuildPhase section */
		6F28A61620D39A390060965C /* Resources */ = {
			isa = PBXResourcesBuildPhase;
			buildActionMask = 2147483647;
			files = (
				6F28A62620D39A390060965C /* LaunchScreen.storyboard in Resources */,
				6F28A62320D39A390060965C /* Assets.xcassets in Resources */,
				6F28A62120D39A390060965C /* Main.storyboard in Resources */,
			);
			runOnlyForDeploymentPostprocessing = 0;
		};
		6F28A62A20D39A3A0060965C /* Resources */ = {
			isa = PBXResourcesBuildPhase;
			buildActionMask = 2147483647;
			files = (
			);
			runOnlyForDeploymentPostprocessing = 0;
		};
		6F28A63520D39A3A0060965C /* Resources */ = {
			isa = PBXResourcesBuildPhase;
			buildActionMask = 2147483647;
			files = (
			);
			runOnlyForDeploymentPostprocessing = 0;
		};
/* End PBXResourcesBuildPhase section */

/* Begin PBXShellScriptBuildPhase section */
		9A2CACCD3C9FE775F7A19E5F /* [CP] Check Pods Manifest.lock */ = {
			isa = PBXShellScriptBuildPhase;
			buildActionMask = 2147483647;
			files = (
			);
			inputPaths = (
				"${PODS_PODFILE_DIR_PATH}/Podfile.lock",
				"${PODS_ROOT}/Manifest.lock",
			);
			name = "[CP] Check Pods Manifest.lock";
			outputPaths = (
				"$(DERIVED_FILE_DIR)/Pods-AppSwift-checkManifestLockResult.txt",
			);
			runOnlyForDeploymentPostprocessing = 0;
			shellPath = /bin/sh;
			shellScript = "diff \"${PODS_PODFILE_DIR_PATH}/Podfile.lock\" \"${PODS_ROOT}/Manifest.lock\" > /dev/null\nif [ $? != 0 ] ; then\n    # print error to STDERR\n    echo \"error: The sandbox is not in sync with the Podfile.lock. Run 'pod install' or update your CocoaPods installation.\" >&2\n    exit 1\nfi\n# This output is used by Xcode 'outputs' to avoid re-running this script phase.\necho \"SUCCESS\" > \"${SCRIPT_OUTPUT_FILE_0}\"\n";
			showEnvVarsInLog = 0;
		};
		9CBCAAE9C24A366A03A11EDC /* [CP] Check Pods Manifest.lock */ = {
			isa = PBXShellScriptBuildPhase;
			buildActionMask = 2147483647;
			files = (
			);
			inputPaths = (
				"${PODS_PODFILE_DIR_PATH}/Podfile.lock",
				"${PODS_ROOT}/Manifest.lock",
			);
			name = "[CP] Check Pods Manifest.lock";
			outputPaths = (
				"$(DERIVED_FILE_DIR)/Pods-AppSwiftTests-checkManifestLockResult.txt",
			);
			runOnlyForDeploymentPostprocessing = 0;
			shellPath = /bin/sh;
			shellScript = "diff \"${PODS_PODFILE_DIR_PATH}/Podfile.lock\" \"${PODS_ROOT}/Manifest.lock\" > /dev/null\nif [ $? != 0 ] ; then\n    # print error to STDERR\n    echo \"error: The sandbox is not in sync with the Podfile.lock. Run 'pod install' or update your CocoaPods installation.\" >&2\n    exit 1\nfi\n# This output is used by Xcode 'outputs' to avoid re-running this script phase.\necho \"SUCCESS\" > \"${SCRIPT_OUTPUT_FILE_0}\"\n";
			showEnvVarsInLog = 0;
		};
		BF50C0081A1C5F42A0AEDC4E /* [CP] Check Pods Manifest.lock */ = {
			isa = PBXShellScriptBuildPhase;
			buildActionMask = 2147483647;
			files = (
			);
			inputPaths = (
				"${PODS_PODFILE_DIR_PATH}/Podfile.lock",
				"${PODS_ROOT}/Manifest.lock",
			);
			name = "[CP] Check Pods Manifest.lock";
			outputPaths = (
				"$(DERIVED_FILE_DIR)/Pods-AppSwiftUITests-checkManifestLockResult.txt",
			);
			runOnlyForDeploymentPostprocessing = 0;
			shellPath = /bin/sh;
			shellScript = "diff \"${PODS_PODFILE_DIR_PATH}/Podfile.lock\" \"${PODS_ROOT}/Manifest.lock\" > /dev/null\nif [ $? != 0 ] ; then\n    # print error to STDERR\n    echo \"error: The sandbox is not in sync with the Podfile.lock. Run 'pod install' or update your CocoaPods installation.\" >&2\n    exit 1\nfi\n# This output is used by Xcode 'outputs' to avoid re-running this script phase.\necho \"SUCCESS\" > \"${SCRIPT_OUTPUT_FILE_0}\"\n";
			showEnvVarsInLog = 0;
		};
		C42F84EEB0AF32952EB081F4 /* [CP] Embed Pods Frameworks */ = {
			isa = PBXShellScriptBuildPhase;
			buildActionMask = 2147483647;
			files = (
			);
			inputPaths = (
				"${SRCROOT}/Pods/Target Support Files/Pods-AppSwift/Pods-AppSwift-frameworks.sh",
				"${BUILT_PRODUCTS_DIR}/Alamofire/Alamofire.framework",
				"${BUILT_PRODUCTS_DIR}/SwiftyJSON/SwiftyJSON.framework",
			);
			name = "[CP] Embed Pods Frameworks";
			outputPaths = (
				"${TARGET_BUILD_DIR}/${FRAMEWORKS_FOLDER_PATH}/Alamofire.framework",
				"${TARGET_BUILD_DIR}/${FRAMEWORKS_FOLDER_PATH}/SwiftyJSON.framework",
			);
			runOnlyForDeploymentPostprocessing = 0;
			shellPath = /bin/sh;
			shellScript = "\"${SRCROOT}/Pods/Target Support Files/Pods-AppSwift/Pods-AppSwift-frameworks.sh\"\n";
			showEnvVarsInLog = 0;
		};
/* End PBXShellScriptBuildPhase section */

/* Begin PBXSourcesBuildPhase section */
		6F28A61420D39A390060965C /* Sources */ = {
			isa = PBXSourcesBuildPhase;
			buildActionMask = 2147483647;
			files = (
				6F28A64C20D3D0BC0060965C /* secondViewController.swift in Sources */,
				6F28A61E20D39A390060965C /* ViewController.swift in Sources */,
				6F28A61C20D39A390060965C /* AppDelegate.swift in Sources */,
			);
			runOnlyForDeploymentPostprocessing = 0;
		};
		6F28A62820D39A3A0060965C /* Sources */ = {
			isa = PBXSourcesBuildPhase;
			buildActionMask = 2147483647;
			files = (
				6F28A63120D39A3A0060965C /* AppSwiftTests.swift in Sources */,
			);
			runOnlyForDeploymentPostprocessing = 0;
		};
		6F28A63320D39A3A0060965C /* Sources */ = {
			isa = PBXSourcesBuildPhase;
			buildActionMask = 2147483647;
			files = (
				6F28A63C20D39A3A0060965C /* AppSwiftUITests.swift in Sources */,
			);
			runOnlyForDeploymentPostprocessing = 0;
		};
/* End PBXSourcesBuildPhase section */

/* Begin PBXTargetDependency section */
		6F28A62E20D39A3A0060965C /* PBXTargetDependency */ = {
			isa = PBXTargetDependency;
			target = 6F28A61720D39A390060965C /* AppSwift */;
			targetProxy = 6F28A62D20D39A3A0060965C /* PBXContainerItemProxy */;
		};
		6F28A63920D39A3A0060965C /* PBXTargetDependency */ = {
			isa = PBXTargetDependency;
			target = 6F28A61720D39A390060965C /* AppSwift */;
			targetProxy = 6F28A63820D39A3A0060965C /* PBXContainerItemProxy */;
		};
/* End PBXTargetDependency section */

/* Begin PBXVariantGroup section */
		6F28A61F20D39A390060965C /* Main.storyboard */ = {
			isa = PBXVariantGroup;
			children = (
				6F28A62020D39A390060965C /* Base */,
			);
			name = Main.storyboard;
			sourceTree = "<group>";
		};
		6F28A62420D39A390060965C /* LaunchScreen.storyboard */ = {
			isa = PBXVariantGroup;
			children = (
				6F28A62520D39A390060965C /* Base */,
			);
			name = LaunchScreen.storyboard;
			sourceTree = "<group>";
		};
/* End PBXVariantGroup section */

/* Begin XCBuildConfiguration section */
		6F28A63E20D39A3A0060965C /* Debug */ = {
			isa = XCBuildConfiguration;
			buildSettings = {
				ALWAYS_SEARCH_USER_PATHS = NO;
				CLANG_ANALYZER_NONNULL = YES;
				CLANG_ANALYZER_NUMBER_OBJECT_CONVERSION = YES_AGGRESSIVE;
				CLANG_CXX_LANGUAGE_STANDARD = "gnu++14";
				CLANG_CXX_LIBRARY = "libc++";
				CLANG_ENABLE_MODULES = YES;
				CLANG_ENABLE_OBJC_ARC = YES;
				CLANG_WARN_BLOCK_CAPTURE_AUTORELEASING = YES;
				CLANG_WARN_BOOL_CONVERSION = YES;
				CLANG_WARN_COMMA = YES;
				CLANG_WARN_CONSTANT_CONVERSION = YES;
				CLANG_WARN_DIRECT_OBJC_ISA_USAGE = YES_ERROR;
				CLANG_WARN_DOCUMENTATION_COMMENTS = YES;
				CLANG_WARN_EMPTY_BODY = YES;
				CLANG_WARN_ENUM_CONVERSION = YES;
				CLANG_WARN_INFINITE_RECURSION = YES;
				CLANG_WARN_INT_CONVERSION = YES;
				CLANG_WARN_NON_LITERAL_NULL_CONVERSION = YES;
				CLANG_WARN_OBJC_LITERAL_CONVERSION = YES;
				CLANG_WARN_OBJC_ROOT_CLASS = YES_ERROR;
				CLANG_WARN_RANGE_LOOP_ANALYSIS = YES;
				CLANG_WARN_STRICT_PROTOTYPES = YES;
				CLANG_WARN_SUSPICIOUS_MOVE = YES;
				CLANG_WARN_UNGUARDED_AVAILABILITY = YES_AGGRESSIVE;
				CLANG_WARN_UNREACHABLE_CODE = YES;
				CLANG_WARN__DUPLICATE_METHOD_MATCH = YES;
				CODE_SIGN_IDENTITY = "iPhone Developer";
				COPY_PHASE_STRIP = NO;
				DEBUG_INFORMATION_FORMAT = dwarf;
				ENABLE_STRICT_OBJC_MSGSEND = YES;
				ENABLE_TESTABILITY = YES;
				GCC_C_LANGUAGE_STANDARD = gnu11;
				GCC_DYNAMIC_NO_PIC = NO;
				GCC_NO_COMMON_BLOCKS = YES;
				GCC_OPTIMIZATION_LEVEL = 0;
				GCC_PREPROCESSOR_DEFINITIONS = (
					"DEBUG=1",
					"$(inherited)",
				);
				GCC_WARN_64_TO_32_BIT_CONVERSION = YES;
				GCC_WARN_ABOUT_RETURN_TYPE = YES_ERROR;
				GCC_WARN_UNDECLARED_SELECTOR = YES;
				GCC_WARN_UNINITIALIZED_AUTOS = YES_AGGRESSIVE;
				GCC_WARN_UNUSED_FUNCTION = YES;
				GCC_WARN_UNUSED_VARIABLE = YES;
				IPHONEOS_DEPLOYMENT_TARGET = 11.1;
				MTL_ENABLE_DEBUG_INFO = YES;
				ONLY_ACTIVE_ARCH = YES;
				SDKROOT = iphoneos;
				SWIFT_ACTIVE_COMPILATION_CONDITIONS = DEBUG;
				SWIFT_OPTIMIZATION_LEVEL = "-Onone";
			};
			name = Debug;
		};
		6F28A63F20D39A3A0060965C /* Release */ = {
			isa = XCBuildConfiguration;
			buildSettings = {
				ALWAYS_SEARCH_USER_PATHS = NO;
				CLANG_ANALYZER_NONNULL = YES;
				CLANG_ANALYZER_NUMBER_OBJECT_CONVERSION = YES_AGGRESSIVE;
				CLANG_CXX_LANGUAGE_STANDARD = "gnu++14";
				CLANG_CXX_LIBRARY = "libc++";
				CLANG_ENABLE_MODULES = YES;
				CLANG_ENABLE_OBJC_ARC = YES;
				CLANG_WARN_BLOCK_CAPTURE_AUTORELEASING = YES;
				CLANG_WARN_BOOL_CONVERSION = YES;
				CLANG_WARN_COMMA = YES;
				CLANG_WARN_CONSTANT_CONVERSION = YES;
				CLANG_WARN_DIRECT_OBJC_ISA_USAGE = YES_ERROR;
				CLANG_WARN_DOCUMENTATION_COMMENTS = YES;
				CLANG_WARN_EMPTY_BODY = YES;
				CLANG_WARN_ENUM_CONVERSION = YES;
				CLANG_WARN_INFINITE_RECURSION = YES;
				CLANG_WARN_INT_CONVERSION = YES;
				CLANG_WARN_NON_LITERAL_NULL_CONVERSION = YES;
				CLANG_WARN_OBJC_LITERAL_CONVERSION = YES;
				CLANG_WARN_OBJC_ROOT_CLASS = YES_ERROR;
				CLANG_WARN_RANGE_LOOP_ANALYSIS = YES;
				CLANG_WARN_STRICT_PROTOTYPES = YES;
				CLANG_WARN_SUSPICIOUS_MOVE = YES;
				CLANG_WARN_UNGUARDED_AVAILABILITY = YES_AGGRESSIVE;
				CLANG_WARN_UNREACHABLE_CODE = YES;
				CLANG_WARN__DUPLICATE_METHOD_MATCH = YES;
				CODE_SIGN_IDENTITY = "iPhone Developer";
				COPY_PHASE_STRIP = NO;
				DEBUG_INFORMATION_FORMAT = "dwarf-with-dsym";
				ENABLE_NS_ASSERTIONS = NO;
				ENABLE_STRICT_OBJC_MSGSEND = YES;
				GCC_C_LANGUAGE_STANDARD = gnu11;
				GCC_NO_COMMON_BLOCKS = YES;
				GCC_WARN_64_TO_32_BIT_CONVERSION = YES;
				GCC_WARN_ABOUT_RETURN_TYPE = YES_ERROR;
				GCC_WARN_UNDECLARED_SELECTOR = YES;
				GCC_WARN_UNINITIALIZED_AUTOS = YES_AGGRESSIVE;
				GCC_WARN_UNUSED_FUNCTION = YES;
				GCC_WARN_UNUSED_VARIABLE = YES;
				IPHONEOS_DEPLOYMENT_TARGET = 11.1;
				MTL_ENABLE_DEBUG_INFO = NO;
				SDKROOT = iphoneos;
				SWIFT_OPTIMIZATION_LEVEL = "-Owholemodule";
				VALIDATE_PRODUCT = YES;
			};
			name = Release;
		};
		6F28A64120D39A3A0060965C /* Debug */ = {
			isa = XCBuildConfiguration;
			baseConfigurationReference = 554ACEB5F98B82E3D0B19004 /* Pods-AppSwift.debug.xcconfig */;
			buildSettings = {
				ASSETCATALOG_COMPILER_APPICON_NAME = AppIcon;
				CODE_SIGN_STYLE = Automatic;
				INFOPLIST_FILE = AppSwift/Info.plist;
				LD_RUNPATH_SEARCH_PATHS = "$(inherited) @executable_path/Frameworks";
				PRODUCT_BUNDLE_IDENTIFIER = jaime.AppSwift;
				PRODUCT_NAME = "$(TARGET_NAME)";
				SWIFT_VERSION = 4.0;
				TARGETED_DEVICE_FAMILY = "1,2";
			};
			name = Debug;
		};
		6F28A64220D39A3A0060965C /* Release */ = {
			isa = XCBuildConfiguration;
			baseConfigurationReference = 446C20D704996B27A471E9BF /* Pods-AppSwift.release.xcconfig */;
			buildSettings = {
				ASSETCATALOG_COMPILER_APPICON_NAME = AppIcon;
				CODE_SIGN_STYLE = Automatic;
				INFOPLIST_FILE = AppSwift/Info.plist;
				LD_RUNPATH_SEARCH_PATHS = "$(inherited) @executable_path/Frameworks";
				PRODUCT_BUNDLE_IDENTIFIER = jaime.AppSwift;
				PRODUCT_NAME = "$(TARGET_NAME)";
				SWIFT_VERSION = 4.0;
				TARGETED_DEVICE_FAMILY = "1,2";
			};
			name = Release;
		};
		6F28A64420D39A3A0060965C /* Debug */ = {
			isa = XCBuildConfiguration;
			baseConfigurationReference = 369A3D98A8F218A05CBA2CDA /* Pods-AppSwiftTests.debug.xcconfig */;
			buildSettings = {
				ALWAYS_EMBED_SWIFT_STANDARD_LIBRARIES = YES;
				BUNDLE_LOADER = "$(TEST_HOST)";
				CODE_SIGN_STYLE = Automatic;
				INFOPLIST_FILE = AppSwiftTests/Info.plist;
				LD_RUNPATH_SEARCH_PATHS = "$(inherited) @executable_path/Frameworks @loader_path/Frameworks";
				PRODUCT_BUNDLE_IDENTIFIER = jaime.AppSwiftTests;
				PRODUCT_NAME = "$(TARGET_NAME)";
				SWIFT_VERSION = 4.0;
				TARGETED_DEVICE_FAMILY = "1,2";
				TEST_HOST = "$(BUILT_PRODUCTS_DIR)/AppSwift.app/AppSwift";
			};
			name = Debug;
		};
		6F28A64520D39A3A0060965C /* Release */ = {
			isa = XCBuildConfiguration;
			baseConfigurationReference = B8FFE652EFA3FDA6E1CCC086 /* Pods-AppSwiftTests.release.xcconfig */;
			buildSettings = {
				ALWAYS_EMBED_SWIFT_STANDARD_LIBRARIES = YES;
				BUNDLE_LOADER = "$(TEST_HOST)";
				CODE_SIGN_STYLE = Automatic;
				INFOPLIST_FILE = AppSwiftTests/Info.plist;
				LD_RUNPATH_SEARCH_PATHS = "$(inherited) @executable_path/Frameworks @loader_path/Frameworks";
				PRODUCT_BUNDLE_IDENTIFIER = jaime.AppSwiftTests;
				PRODUCT_NAME = "$(TARGET_NAME)";
				SWIFT_VERSION = 4.0;
				TARGETED_DEVICE_FAMILY = "1,2";
				TEST_HOST = "$(BUILT_PRODUCTS_DIR)/AppSwift.app/AppSwift";
			};
			name = Release;
		};
		6F28A64720D39A3A0060965C /* Debug */ = {
			isa = XCBuildConfiguration;
			baseConfigurationReference = DEE6F39499258E3D47DE2E77 /* Pods-AppSwiftUITests.debug.xcconfig */;
			buildSettings = {
				ALWAYS_EMBED_SWIFT_STANDARD_LIBRARIES = YES;
				CODE_SIGN_STYLE = Automatic;
				INFOPLIST_FILE = AppSwiftUITests/Info.plist;
				LD_RUNPATH_SEARCH_PATHS = "$(inherited) @executable_path/Frameworks @loader_path/Frameworks";
				PRODUCT_BUNDLE_IDENTIFIER = jaime.AppSwiftUITests;
				PRODUCT_NAME = "$(TARGET_NAME)";
				SWIFT_VERSION = 4.0;
				TARGETED_DEVICE_FAMILY = "1,2";
				TEST_TARGET_NAME = AppSwift;
			};
			name = Debug;
		};
		6F28A64820D39A3A0060965C /* Release */ = {
			isa = XCBuildConfiguration;
			baseConfigurationReference = AB9B1E2DB98F1FC381B7E81B /* Pods-AppSwiftUITests.release.xcconfig */;
			buildSettings = {
				ALWAYS_EMBED_SWIFT_STANDARD_LIBRARIES = YES;
				CODE_SIGN_STYLE = Automatic;
				INFOPLIST_FILE = AppSwiftUITests/Info.plist;
				LD_RUNPATH_SEARCH_PATHS = "$(inherited) @executable_path/Frameworks @loader_path/Frameworks";
				PRODUCT_BUNDLE_IDENTIFIER = jaime.AppSwiftUITests;
				PRODUCT_NAME = "$(TARGET_NAME)";
				SWIFT_VERSION = 4.0;
				TARGETED_DEVICE_FAMILY = "1,2";
				TEST_TARGET_NAME = AppSwift;
			};
			name = Release;
		};
/* End XCBuildConfiguration section */

/* Begin XCConfigurationList section */
		6F28A61320D39A390060965C /* Build configuration list for PBXProject "AppSwift" */ = {
			isa = XCConfigurationList;
			buildConfigurations = (
				6F28A63E20D39A3A0060965C /* Debug */,
				6F28A63F20D39A3A0060965C /* Release */,
			);
			defaultConfigurationIsVisible = 0;
			defaultConfigurationName = Release;
		};
		6F28A64020D39A3A0060965C /* Build configuration list for PBXNativeTarget "AppSwift" */ = {
			isa = XCConfigurationList;
			buildConfigurations = (
				6F28A64120D39A3A0060965C /* Debug */,
				6F28A64220D39A3A0060965C /* Release */,
			);
			defaultConfigurationIsVisible = 0;
			defaultConfigurationName = Release;
		};
		6F28A64320D39A3A0060965C /* Build configuration list for PBXNativeTarget "AppSwiftTests" */ = {
			isa = XCConfigurationList;
			buildConfigurations = (
				6F28A64420D39A3A0060965C /* Debug */,
				6F28A64520D39A3A0060965C /* Release */,
			);
			defaultConfigurationIsVisible = 0;
			defaultConfigurationName = Release;
		};
		6F28A64620D39A3A0060965C /* Build configuration list for PBXNativeTarget "AppSwiftUITests" */ = {
			isa = XCConfigurationList;
			buildConfigurations = (
				6F28A64720D39A3A0060965C /* Debug */,
				6F28A64820D39A3A0060965C /* Release */,
			);
			defaultConfigurationIsVisible = 0;
			defaultConfigurationName = Release;
		};
/* End XCConfigurationList section */
	};
	rootObject = 6F28A61020D39A390060965C /* Project object */;
}
